
Microsoft Visual Studio Solution File, Format Version 12.00
# Visual Studio Version 16
VisualStudioVersion = 16.0.31613.86
MinimumVisualStudioVersion = 10.0.40219.1
Project("{8BC9CEB8-8B4A-11D0-8D11-00A0C91BC942}") = "FFmpegThumbnail", "FFmpegThumbnail\FFmpegThumbnail.vcxproj", "{F14250AD-983B-4C05-80DA-8E81A7E30C20}"
EndProject
Project("{8BC9CEB8-8B4A-11D0-8D11-00A0C91BC942}") = "Test", "Test\Test.vcxproj", "{E4B5FBD4-7347-4DE9-BDA2-784423C5C49F}"
EndProject
Project("{8BC9CEB8-8B4A-11D0-8D11-00A0C91BC942}") = "FFmpegThumbnailProvider", "FFmpegThumbnailProvider\FFmpegThumbnailProvider.vcxproj", "{0001A41C-66FF-4D5F-8815-761E8845361D}"
EndProject
Global
	GlobalSection(SolutionConfigurationPlatforms) = preSolution
		Debug|x64 = Debug|x64
		Debug|x86 = Debug|x86
		Release|x64 = Release|x64
		Release|x86 = Release|x86
	EndGlobalSection
	GlobalSection(ProjectConfigurationPlatforms) = postSolution
		{F14250AD-983B-4C05-80DA-8E81A7E30C20}.Debug|x64.ActiveCfg = Debug|x64
		{F14250AD-983B-4C05-80DA-8E81A7E30C20}.Debug|x64.Build.0 = Debug|x64
		{F14250AD-983B-4C05-80DA-8E81A7E30C20}.Debug|x86.ActiveCfg = Debug|Win32
		{F14250AD-983B-4C05-80DA-8E81A7E30C20}.Debug|x86.Build.0 = Debug|Win32
		{F14250AD-983B-4C05-80DA-8E81A7E30C20}.Release|x64.ActiveCfg = Release|x64
		{F14250AD-983B-4C05-80DA-8E81A7E30C20}.Release|x64.Build.0 = Release|x64
		{F14250AD-983B-4C05-80DA-8E81A7E30C20}.Release|x86.ActiveCfg = Release|Win32
		{F14250AD-983B-4C05-80DA-8E81A7E30C20}.Release|x86.Build.0 = Release|Win32
		{E4B5FBD4-7347-4DE9-BDA2-784423C5C49F}.Debug|x64.ActiveCfg = Debug|x64
		{E4B5FBD4-7347-4DE9-BDA2-784423C5C49F}.Debug|x64.Build.0 = Debug|x64
		{E4B5FBD4-7347-4DE9-BDA2-784423C5C49F}.Debug|x86.ActiveCfg = Debug|Win32
		{E4B5FBD4-7347-4DE9-BDA2-784423C5C49F}.Debug|x86.Build.0 = Debug|Win32
		{E4B5FBD4-7347-4DE9-BDA2-784423C5C49F}.Release|x64.ActiveCfg = Release|x64
		{E4B5FBD4-7347-4DE9-BDA2-784423C5C49F}.Release|x64.Build.0 = Release|x64
		{E4B5FBD4-7347-4DE9-BDA2-784423C5C49F}.Release|x86.ActiveCfg = Release|Win32
		{E4B5FBD4-7347-4DE9-BDA2-784423C5C49F}.Release|x86.Build.0 = Release|Win32
		{0001A41C-66FF-4D5F-8815-761E8845361D}.Debug|x64.ActiveCfg = Debug|x64
		{0001A41C-66FF-4D5F-8815-761E8845361D}.Debug|x64.Build.0 = Debug|x64
		{0001A41C-66FF-4D5F-8815-761E8845361D}.Debug|x86.ActiveCfg = Debug|Win32
		{0001A41C-66FF-4D5F-8815-761E8845361D}.Debug|x86.Build.0 = Debug|Win32
		{0001A41C-66FF-4D5F-8815-761E8845361D}.Release|x64.ActiveCfg = Release|x64
		{0001A41C-66FF-4D5F-8815-761E8845361D}.Release|x64.Build.0 = Release|x64
		{0001A41C-66FF-4D5F-8815-761E8845361D}.Release|x86.ActiveCfg = Release|Win32
		{0001A41C-66FF-4D5F-8815-761E8845361D}.Release|x86.Build.0 = Release|Win32
	EndGlobalSection
	GlobalSection(SolutionProperties) = preSolution
		HideSolutionNode = FALSE
	EndGlobalSection
	GlobalSection(ExtensibilityGlobals) = postSolution
		SolutionGuid = {249E9873-EF31-457E-82BF-D52A0FE45A74}
	EndGlobalSection
EndGlobal
